
Microsoft Visual Studio Solution File, Format Version 12.00
# Visual Studio 2012
Project("{8BC9CEB8-8B4A-11D0-8D11-00A0C91BC942}") = "PA", "PA\PA.vcxproj", "{720E294C-7E9C-43D3-9F91-8B3621C66F36}"
EndProject
Global
	GlobalSection(SolutionConfigurationPlatforms) = preSolution
		Debug|Win32 = Debug|Win32
		Release|Win32 = Release|Win32
	EndGlobalSection
	GlobalSection(ProjectConfigurationPlatforms) = postSolution
		{720E294C-7E9C-43D3-9F91-8B3621C66F36}.Debug|Win32.ActiveCfg = Debug|Win32
		{720E294C-7E9C-43D3-9F91-8B3621C66F36}.Debug|Win32.Build.0 = Debug|Win32
		{720E294C-7E9C-43D3-9F91-8B3621C66F36}.Release|Win32.ActiveCfg = Release|Win32
		{720E294C-7E9C-43D3-9F91-8B3621C66F36}.Release|Win32.Build.0 = Release|Win32
	EndGlobalSection
	GlobalSection(SolutionProperties) = preSolution
		HideSolutionNode = FALSE
	EndGlobalSection
EndGlobal
